
Microsoft Visual Studio Solution File, Format Version 12.00
# Visual Studio 15
VisualStudioVersion = 15.0.26124.0
MinimumVisualStudioVersion = 15.0.26124.0
Project("{2150E333-8FDC-42A3-9474-1A3956D46DE8}") = "src", "src", "{462F37E1-650B-45EE-9400-211D499C1402}"
EndProject
Project("{FAE04EC0-301F-11D3-BF4B-00C04F79EFBC}") = "SimpleAPI", "src\SimpleAPI\SimpleAPI.csproj", "{72A52AF1-40DA-43A0-BE90-376E45FF1577}"
EndProject
Project("{2150E333-8FDC-42A3-9474-1A3956D46DE8}") = "test", "test", "{F6897076-AB52-46AE-BA21-9B1DE9DA94F3}"
EndProject
Project("{FAE04EC0-301F-11D3-BF4B-00C04F79EFBC}") = "SimpleAPI.Test", "test\SimpleAPI.Test\SimpleAPI.Test.csproj", "{361B0D4A-7AA2-49E1-BBEF-ED733723C57A}"
EndProject
Global
	GlobalSection(SolutionConfigurationPlatforms) = preSolution
		Debug|Any CPU = Debug|Any CPU
		Debug|x64 = Debug|x64
		Debug|x86 = Debug|x86
		Release|Any CPU = Release|Any CPU
		Release|x64 = Release|x64
		Release|x86 = Release|x86
	EndGlobalSection
	GlobalSection(SolutionProperties) = preSolution
		HideSolutionNode = FALSE
	EndGlobalSection
	GlobalSection(ProjectConfigurationPlatforms) = postSolution
		{72A52AF1-40DA-43A0-BE90-376E45FF1577}.Debug|Any CPU.ActiveCfg = Debug|Any CPU
		{72A52AF1-40DA-43A0-BE90-376E45FF1577}.Debug|Any CPU.Build.0 = Debug|Any CPU
		{72A52AF1-40DA-43A0-BE90-376E45FF1577}.Debug|x64.ActiveCfg = Debug|Any CPU
		{72A52AF1-40DA-43A0-BE90-376E45FF1577}.Debug|x64.Build.0 = Debug|Any CPU
		{72A52AF1-40DA-43A0-BE90-376E45FF1577}.Debug|x86.ActiveCfg = Debug|Any CPU
		{72A52AF1-40DA-43A0-BE90-376E45FF1577}.Debug|x86.Build.0 = Debug|Any CPU
		{72A52AF1-40DA-43A0-BE90-376E45FF1577}.Release|Any CPU.ActiveCfg = Release|Any CPU
		{72A52AF1-40DA-43A0-BE90-376E45FF1577}.Release|Any CPU.Build.0 = Release|Any CPU
		{72A52AF1-40DA-43A0-BE90-376E45FF1577}.Release|x64.ActiveCfg = Release|Any CPU
		{72A52AF1-40DA-43A0-BE90-376E45FF1577}.Release|x64.Build.0 = Release|Any CPU
		{72A52AF1-40DA-43A0-BE90-376E45FF1577}.Release|x86.ActiveCfg = Release|Any CPU
		{72A52AF1-40DA-43A0-BE90-376E45FF1577}.Release|x86.Build.0 = Release|Any CPU
		{361B0D4A-7AA2-49E1-BBEF-ED733723C57A}.Debug|Any CPU.ActiveCfg = Debug|Any CPU
		{361B0D4A-7AA2-49E1-BBEF-ED733723C57A}.Debug|Any CPU.Build.0 = Debug|Any CPU
		{361B0D4A-7AA2-49E1-BBEF-ED733723C57A}.Debug|x64.ActiveCfg = Debug|Any CPU
		{361B0D4A-7AA2-49E1-BBEF-ED733723C57A}.Debug|x64.Build.0 = Debug|Any CPU
		{361B0D4A-7AA2-49E1-BBEF-ED733723C57A}.Debug|x86.ActiveCfg = Debug|Any CPU
		{361B0D4A-7AA2-49E1-BBEF-ED733723C57A}.Debug|x86.Build.0 = Debug|Any CPU
		{361B0D4A-7AA2-49E1-BBEF-ED733723C57A}.Release|Any CPU.ActiveCfg = Release|Any CPU
		{361B0D4A-7AA2-49E1-BBEF-ED733723C57A}.Release|Any CPU.Build.0 = Release|Any CPU
		{361B0D4A-7AA2-49E1-BBEF-ED733723C57A}.Release|x64.ActiveCfg = Release|Any CPU
		{361B0D4A-7AA2-49E1-BBEF-ED733723C57A}.Release|x64.Build.0 = Release|Any CPU
		{361B0D4A-7AA2-49E1-BBEF-ED733723C57A}.Release|x86.ActiveCfg = Release|Any CPU
		{361B0D4A-7AA2-49E1-BBEF-ED733723C57A}.Release|x86.Build.0 = Release|Any CPU
	EndGlobalSection
	GlobalSection(NestedProjects) = preSolution
		{72A52AF1-40DA-43A0-BE90-376E45FF1577} = {462F37E1-650B-45EE-9400-211D499C1402}
		{361B0D4A-7AA2-49E1-BBEF-ED733723C57A} = {F6897076-AB52-46AE-BA21-9B1DE9DA94F3}
	EndGlobalSection
EndGlobal
